{
    "_readme": [
        "This file locks the dependencies of your project to a known state",
        "Read more about it at https://getcomposer.org/doc/01-basic-usage.md#composer-lock-the-lock-file",
        "This file is @generated automatically"
    ],
    "content-hash": "8e6a96507d7825b12003b7dcd69c9d44",
    "packages": [
        {
            "name": "doctrine/inflector",
            "version": "v1.2.0",
            "source": {
                "type": "git",
                "url": "https://github.com/doctrine/inflector.git",
                "reference": "e11d84c6e018beedd929cff5220969a3c6d1d462"
            },
            "dist": {
                "type": "zip",
                "url": "https://api.github.com/repos/doctrine/inflector/zipball/e11d84c6e018beedd929cff5220969a3c6d1d462",
                "reference": "e11d84c6e018beedd929cff5220969a3c6d1d462",
                "shasum": ""
            },
            "require": {
                "php": "^7.0"
            },
            "require-dev": {
                "phpunit/phpunit": "^6.2"
            },
            "type": "library",
            "extra": {
                "branch-alias": {
                    "dev-master": "1.2.x-dev"
                }
            },
            "autoload": {
                "psr-4": {
                    "Doctrine\\Common\\Inflector\\": "lib/Doctrine/Common/Inflector"
                }
            },
            "notification-url": "https://packagist.org/downloads/",
            "license": [
                "MIT"
            ],
            "authors": [
                {
                    "name": "Roman Borschel",
                    "email": "roman@code-factory.org"
                },
                {
                    "name": "Benjamin Eberlei",
                    "email": "kontakt@beberlei.de"
                },
                {
                    "name": "Guilherme Blanco",
                    "email": "guilhermeblanco@gmail.com"
                },
                {
                    "name": "Jonathan Wage",
                    "email": "jonwage@gmail.com"
                },
                {
                    "name": "Johannes Schmitt",
                    "email": "schmittjoh@gmail.com"
                }
            ],
            "description": "Common String Manipulations with regard to casing and singular/plural rules.",
            "homepage": "http://www.doctrine-project.org",
            "keywords": [
                "inflection",
                "pluralize",
                "singularize",
                "string"
            ],
            "time": "2017-07-22T12:18:28+00:00"
        },
        {
            "name": "felixsand/phpsst",
            "version": "v1.2.0",
            "source": {
                "type": "git",
                "url": "https://github.com/felixsand/PhPsst.git",
                "reference": "7e6a9266a87da161c6bf9c5ebaa9187b9c15ce3f"
            },
            "dist": {
                "type": "zip",
                "url": "https://api.github.com/repos/felixsand/PhPsst/zipball/7e6a9266a87da161c6bf9c5ebaa9187b9c15ce3f",
                "reference": "7e6a9266a87da161c6bf9c5ebaa9187b9c15ce3f",
                "shasum": ""
            },
            "require": {
                "illuminate/encryption": "~5.4",
                "php": ">=7.1",
                "predis/predis": "~1.1"
            },
            "require-dev": {
                "phpunit/phpunit": "~6.3"
            },
            "type": "library",
            "autoload": {
                "psr-4": {
                    "": "src/"
                }
            },
            "notification-url": "https://packagist.org/downloads/",
            "license": [
                "MIT"
            ],
            "authors": [
                {
                    "name": "Felix Sandström",
                    "email": "felix.sandstrom@me.com",
                    "homepage": "https://github.com/felixsand"
                }
            ],
            "description": "A PHP library for distributing (one time) passwords/secrets in a more secure way",
            "homepage": "https://github.com/felixsand/PhPsst",
            "keywords": [
                "distribution",
                "password",
                "safely",
                "secret"
            ],
            "time": "2017-08-05T18:52:35+00:00"
        },
        {
            "name": "illuminate/contracts",
            "version": "v5.4.27",
            "source": {
                "type": "git",
                "url": "https://github.com/illuminate/contracts.git",
                "reference": "31f0193eb14aa3ee07841dc254081425616e79f0"
            },
            "dist": {
                "type": "zip",
                "url": "https://api.github.com/repos/illuminate/contracts/zipball/31f0193eb14aa3ee07841dc254081425616e79f0",
                "reference": "31f0193eb14aa3ee07841dc254081425616e79f0",
                "shasum": ""
            },
            "require": {
                "php": ">=5.6.4"
            },
            "type": "library",
            "extra": {
                "branch-alias": {
                    "dev-master": "5.4-dev"
                }
            },
            "autoload": {
                "psr-4": {
                    "Illuminate\\Contracts\\": ""
                }
            },
            "notification-url": "https://packagist.org/downloads/",
            "license": [
                "MIT"
            ],
            "authors": [
                {
                    "name": "Taylor Otwell",
                    "email": "taylor@laravel.com"
                }
            ],
            "description": "The Illuminate Contracts package.",
            "homepage": "https://laravel.com",
            "time": "2017-04-19T20:17:43+00:00"
        },
        {
            "name": "illuminate/encryption",
            "version": "v5.4.27",
            "source": {
                "type": "git",
                "url": "https://github.com/illuminate/encryption.git",
                "reference": "beacee0662bf20ff60e5a319529300f29b840b94"
            },
            "dist": {
                "type": "zip",
                "url": "https://api.github.com/repos/illuminate/encryption/zipball/beacee0662bf20ff60e5a319529300f29b840b94",
                "reference": "beacee0662bf20ff60e5a319529300f29b840b94",
                "shasum": ""
            },
            "require": {
                "ext-mbstring": "*",
                "ext-openssl": "*",
                "illuminate/contracts": "5.4.*",
                "illuminate/support": "5.4.*",
                "paragonie/random_compat": "~1.4|~2.0",
                "php": ">=5.6.4"
            },
            "type": "library",
            "extra": {
                "branch-alias": {
                    "dev-master": "5.4-dev"
                }
            },
            "autoload": {
                "psr-4": {
                    "Illuminate\\Encryption\\": ""
                }
            },
            "notification-url": "https://packagist.org/downloads/",
            "license": [
                "MIT"
            ],
            "authors": [
                {
                    "name": "Taylor Otwell",
                    "email": "taylor@laravel.com"
                }
            ],
            "description": "The Illuminate Encryption package.",
            "homepage": "https://laravel.com",
            "time": "2016-12-30T22:45:27+00:00"
        },
        {
            "name": "illuminate/support",
            "version": "v5.4.27",
            "source": {
                "type": "git",
                "url": "https://github.com/illuminate/support.git",
                "reference": "a42393b56d0ec75f55e760f2a47bcf85a17a278d"
            },
            "dist": {
                "type": "zip",
                "url": "https://api.github.com/repos/illuminate/support/zipball/a42393b56d0ec75f55e760f2a47bcf85a17a278d",
                "reference": "a42393b56d0ec75f55e760f2a47bcf85a17a278d",
                "shasum": ""
            },
            "require": {
                "doctrine/inflector": "~1.0",
                "ext-mbstring": "*",
                "illuminate/contracts": "5.4.*",
                "paragonie/random_compat": "~1.4|~2.0",
                "php": ">=5.6.4"
            },
            "replace": {
                "tightenco/collect": "self.version"
            },
            "suggest": {
                "illuminate/filesystem": "Required to use the composer class (5.2.*).",
                "symfony/process": "Required to use the composer class (~3.2).",
                "symfony/var-dumper": "Required to use the dd function (~3.2)."
            },
            "type": "library",
            "extra": {
                "branch-alias": {
                    "dev-master": "5.4-dev"
                }
            },
            "autoload": {
                "psr-4": {
                    "Illuminate\\Support\\": ""
                },
                "files": [
                    "helpers.php"
                ]
            },
            "notification-url": "https://packagist.org/downloads/",
            "license": [
                "MIT"
            ],
            "authors": [
                {
                    "name": "Taylor Otwell",
                    "email": "taylor@laravel.com"
                }
            ],
            "description": "The Illuminate Support package.",
            "homepage": "https://laravel.com",
            "time": "2017-06-15T12:35:32+00:00"
        },
        {
            "name": "paragonie/random_compat",
            "version": "v2.0.10",
            "source": {
                "type": "git",
                "url": "https://github.com/paragonie/random_compat.git",
                "reference": "634bae8e911eefa89c1abfbf1b66da679ac8f54d"
            },
            "dist": {
                "type": "zip",
                "url": "https://api.github.com/repos/paragonie/random_compat/zipball/634bae8e911eefa89c1abfbf1b66da679ac8f54d",
                "reference": "634bae8e911eefa89c1abfbf1b66da679ac8f54d",
                "shasum": ""
            },
            "require": {
                "php": ">=5.2.0"
            },
            "require-dev": {
                "phpunit/phpunit": "4.*|5.*"
            },
            "suggest": {
                "ext-libsodium": "Provides a modern crypto API that can be used to generate random bytes."
            },
            "type": "library",
            "autoload": {
                "files": [
                    "lib/random.php"
                ]
            },
            "notification-url": "https://packagist.org/downloads/",
            "license": [
                "MIT"
            ],
            "authors": [
                {
                    "name": "Paragon Initiative Enterprises",
                    "email": "security@paragonie.com",
                    "homepage": "https://paragonie.com"
                }
            ],
            "description": "PHP 5.x polyfill for random_bytes() and random_int() from PHP 7",
            "keywords": [
                "csprng",
                "pseudorandom",
                "random"
            ],
            "time": "2017-03-13T16:27:32+00:00"
        },
        {
            "name": "predis/predis",
            "version": "v1.1.1",
            "source": {
                "type": "git",
                "url": "https://github.com/nrk/predis.git",
                "reference": "f0210e38881631afeafb56ab43405a92cafd9fd1"
            },
            "dist": {
                "type": "zip",
                "url": "https://api.github.com/repos/nrk/predis/zipball/f0210e38881631afeafb56ab43405a92cafd9fd1",
                "reference": "f0210e38881631afeafb56ab43405a92cafd9fd1",
                "shasum": ""
            },
            "require": {
                "php": ">=5.3.9"
            },
            "require-dev": {
                "phpunit/phpunit": "~4.8"
            },
            "suggest": {
                "ext-curl": "Allows access to Webdis when paired with phpiredis",
                "ext-phpiredis": "Allows faster serialization and deserialization of the Redis protocol"
            },
            "type": "library",
            "autoload": {
                "psr-4": {
                    "Predis\\": "src/"
                }
            },
            "notification-url": "https://packagist.org/downloads/",
            "license": [
                "MIT"
            ],
            "authors": [
                {
                    "name": "Daniele Alessandri",
                    "email": "suppakilla@gmail.com",
                    "homepage": "http://clorophilla.net"
                }
            ],
            "description": "Flexible and feature-complete Redis client for PHP and HHVM",
            "homepage": "http://github.com/nrk/predis",
            "keywords": [
                "nosql",
                "predis",
                "redis"
            ],
            "time": "2016-06-16T16:22:20+00:00"
        },
        {
            "name": "symfony/http-foundation",
            "version": "v3.3.6",
            "source": {
                "type": "git",
                "url": "https://github.com/symfony/http-foundation.git",
                "reference": "49e8cd2d59a7aa9bfab19e46de680c76e500a031"
            },
            "dist": {
                "type": "zip",
                "url": "https://api.github.com/repos/symfony/http-foundation/zipball/49e8cd2d59a7aa9bfab19e46de680c76e500a031",
                "reference": "49e8cd2d59a7aa9bfab19e46de680c76e500a031",
                "shasum": ""
            },
            "require": {
                "php": ">=5.5.9",
                "symfony/polyfill-mbstring": "~1.1"
            },
            "require-dev": {
                "symfony/expression-language": "~2.8|~3.0"
            },
            "type": "library",
            "extra": {
                "branch-alias": {
                    "dev-master": "3.3-dev"
                }
            },
            "autoload": {
                "psr-4": {
                    "Symfony\\Component\\HttpFoundation\\": ""
                },
                "exclude-from-classmap": [
                    "/Tests/"
                ]
            },
            "notification-url": "https://packagist.org/downloads/",
            "license": [
                "MIT"
            ],
            "authors": [
                {
                    "name": "Fabien Potencier",
                    "email": "fabien@symfony.com"
                },
                {
                    "name": "Symfony Community",
                    "homepage": "https://symfony.com/contributors"
                }
            ],
            "description": "Symfony HttpFoundation Component",
            "homepage": "https://symfony.com",
            "time": "2017-07-21T11:04:46+00:00"
        },
        {
            "name": "symfony/polyfill-mbstring",
            "version": "v1.5.0",
            "source": {
                "type": "git",
                "url": "https://github.com/symfony/polyfill-mbstring.git",
                "reference": "7c8fae0ac1d216eb54349e6a8baa57d515fe8803"
            },
            "dist": {
                "type": "zip",
                "url": "https://api.github.com/repos/symfony/polyfill-mbstring/zipball/7c8fae0ac1d216eb54349e6a8baa57d515fe8803",
                "reference": "7c8fae0ac1d216eb54349e6a8baa57d515fe8803",
                "shasum": ""
            },
            "require": {
                "php": ">=5.3.3"
            },
            "suggest": {
                "ext-mbstring": "For best performance"
            },
            "type": "library",
            "extra": {
                "branch-alias": {
                    "dev-master": "1.5-dev"
                }
            },
            "autoload": {
                "psr-4": {
                    "Symfony\\Polyfill\\Mbstring\\": ""
                },
                "files": [
                    "bootstrap.php"
                ]
            },
            "notification-url": "https://packagist.org/downloads/",
            "license": [
                "MIT"
            ],
            "authors": [
                {
                    "name": "Nicolas Grekas",
                    "email": "p@tchwork.com"
                },
                {
                    "name": "Symfony Community",
                    "homepage": "https://symfony.com/contributors"
                }
            ],
            "description": "Symfony polyfill for the Mbstring extension",
            "homepage": "https://symfony.com",
            "keywords": [
                "compatibility",
                "mbstring",
                "polyfill",
                "portable",
                "shim"
            ],
            "time": "2017-06-14T15:44:48+00:00"
        }
    ],
    "packages-dev": [
        {
            "name": "squizlabs/php_codesniffer",
            "version": "3.0.0",
            "source": {
                "type": "git",
                "url": "https://github.com/squizlabs/PHP_CodeSniffer.git",
                "reference": "b95ff2c3b122a3ee4b57d149a57d2afce65522c3"
            },
            "dist": {
                "type": "zip",
                "url": "https://api.github.com/repos/squizlabs/PHP_CodeSniffer/zipball/b95ff2c3b122a3ee4b57d149a57d2afce65522c3",
                "reference": "b95ff2c3b122a3ee4b57d149a57d2afce65522c3",
                "shasum": ""
            },
            "require": {
                "ext-simplexml": "*",
                "ext-tokenizer": "*",
                "ext-xmlwriter": "*",
                "php": ">=5.4.0"
            },
            "require-dev": {
                "phpunit/phpunit": "~4.0"
            },
            "bin": [
                "bin/phpcs",
                "bin/phpcbf"
            ],
            "type": "library",
            "extra": {
                "branch-alias": {
                    "dev-master": "3.x-dev"
                }
            },
            "notification-url": "https://packagist.org/downloads/",
            "license": [
                "BSD-3-Clause"
            ],
            "authors": [
                {
                    "name": "Greg Sherwood",
                    "role": "lead"
                }
            ],
            "description": "PHP_CodeSniffer tokenizes PHP, JavaScript and CSS files and detects violations of a defined set of coding standards.",
            "homepage": "http://www.squizlabs.com/php-codesniffer",
            "keywords": [
                "phpcs",
                "standards"
            ],
            "time": "2017-05-04T00:33:04+00:00"
        }
    ],
    "aliases": [],
    "minimum-stability": "stable",
    "stability-flags": [],
    "prefer-stable": false,
    "prefer-lowest": false,
    "platform": [],
    "platform-dev": []
}
